// !$*UTF8*$!
{
	archiveVersion = 1;
	classes = {
	};
	objectVersion = 51;
	objects = {

/* Begin PBXBuildFile section */
		20B8C518899EE9381D8B04CE /* Pods_RxContatos_RxContatosUITests.framework in Frameworks */ = {isa = PBXBuildFile; fileRef = 81C099A329797306F6CDC484 /* Pods_RxContatos_RxContatosUITests.framework */; };
		388D814E3562B46DC574A104 /* Pods_RxContatos.framework in Frameworks */ = {isa = PBXBuildFile; fileRef = 3FE6ED33BA1A52A68CCDB2E3 /* Pods_RxContatos.framework */; };
		453E602824EEAB1900ACC662 /* ContactRepositoryProtocol.swift in Sources */ = {isa = PBXBuildFile; fileRef = 453E602724EEAB1900ACC662 /* ContactRepositoryProtocol.swift */; };
		4569D41924EE9E1D004792FC /* AppDelegate.swift in Sources */ = {isa = PBXBuildFile; fileRef = 4569D41824EE9E1D004792FC /* AppDelegate.swift */; };
		4569D41B24EE9E1D004792FC /* SceneDelegate.swift in Sources */ = {isa = PBXBuildFile; fileRef = 4569D41A24EE9E1D004792FC /* SceneDelegate.swift */; };
		4569D41D24EE9E1D004792FC /* ViewController.swift in Sources */ = {isa = PBXBuildFile; fileRef = 4569D41C24EE9E1D004792FC /* ViewController.swift */; };
		4569D42024EE9E1D004792FC /* Main.storyboard in Resources */ = {isa = PBXBuildFile; fileRef = 4569D41E24EE9E1D004792FC /* Main.storyboard */; };
		4569D42224EE9E20004792FC /* Assets.xcassets in Resources */ = {isa = PBXBuildFile; fileRef = 4569D42124EE9E20004792FC /* Assets.xcassets */; };
		4569D42524EE9E20004792FC /* LaunchScreen.storyboard in Resources */ = {isa = PBXBuildFile; fileRef = 4569D42324EE9E20004792FC /* LaunchScreen.storyboard */; };
		4569D43024EE9E21004792FC /* RxContatosTests.swift in Sources */ = {isa = PBXBuildFile; fileRef = 4569D42F24EE9E21004792FC /* RxContatosTests.swift */; };
		4569D43B24EE9E21004792FC /* RxContatosUITests.swift in Sources */ = {isa = PBXBuildFile; fileRef = 4569D43A24EE9E21004792FC /* RxContatosUITests.swift */; };
		4569D45824EEA0EF004792FC /* ContatosViewModel.swift in Sources */ = {isa = PBXBuildFile; fileRef = 4569D45224EEA0EF004792FC /* ContatosViewModel.swift */; };
		4569D46024EEA2AF004792FC /* Contact.swift in Sources */ = {isa = PBXBuildFile; fileRef = 4569D45F24EEA2AF004792FC /* Contact.swift */; };
		4569D46624EEA738004792FC /* ContactUseCase.swift in Sources */ = {isa = PBXBuildFile; fileRef = 4569D46524EEA738004792FC /* ContactUseCase.swift */; };
		4576ACAE24EEC55B00F1BAA6 /* ContactModel.swift in Sources */ = {isa = PBXBuildFile; fileRef = 4576ACAD24EEC55B00F1BAA6 /* ContactModel.swift */; };
		45C88D9724EEBB5900969BE3 /* LocalRepository.swift in Sources */ = {isa = PBXBuildFile; fileRef = 45C88D9624EEBB5900969BE3 /* LocalRepository.swift */; };
		A40287AB514E30F4A03AD793 /* Pods_RxContatosTests.framework in Frameworks */ = {isa = PBXBuildFile; fileRef = C9B5F437B4159B039269B6FE /* Pods_RxContatosTests.framework */; };
		F6880A3924F4768E0051523A /* ContactsApi.swift in Sources */ = {isa = PBXBuildFile; fileRef = F6880A3824F4768E0051523A /* ContactsApi.swift */; };
		F6880A3D24F4783B0051523A /* AuthenticationApi.swift in Sources */ = {isa = PBXBuildFile; fileRef = F6880A3C24F4783B0051523A /* AuthenticationApi.swift */; };
		F6880A4024F4797A0051523A /* UserModel.swift in Sources */ = {isa = PBXBuildFile; fileRef = F6880A3F24F4797A0051523A /* UserModel.swift */; };
		F6B5751E24F47B6F00CCC7FB /* SessionModel.swift in Sources */ = {isa = PBXBuildFile; fileRef = F6B5751D24F47B6F00CCC7FB /* SessionModel.swift */; };
/* End PBXBuildFile section */

/* Begin PBXContainerItemProxy section */
		4569D42C24EE9E21004792FC /* PBXContainerItemProxy */ = {
			isa = PBXContainerItemProxy;
			containerPortal = 4569D40D24EE9E1D004792FC /* Project object */;
			proxyType = 1;
			remoteGlobalIDString = 4569D41424EE9E1D004792FC;
			remoteInfo = RxContatos;
		};
		4569D43724EE9E21004792FC /* PBXContainerItemProxy */ = {
			isa = PBXContainerItemProxy;
			containerPortal = 4569D40D24EE9E1D004792FC /* Project object */;
			proxyType = 1;
			remoteGlobalIDString = 4569D41424EE9E1D004792FC;
			remoteInfo = RxContatos;
		};
/* End PBXContainerItemProxy section */

/* Begin PBXFileReference section */
		3FE6ED33BA1A52A68CCDB2E3 /* Pods_RxContatos.framework */ = {isa = PBXFileReference; explicitFileType = wrapper.framework; includeInIndex = 0; path = Pods_RxContatos.framework; sourceTree = BUILT_PRODUCTS_DIR; };
		453E602724EEAB1900ACC662 /* ContactRepositoryProtocol.swift */ = {isa = PBXFileReference; lastKnownFileType = sourcecode.swift; path = ContactRepositoryProtocol.swift; sourceTree = "<group>"; };
		4569D41524EE9E1D004792FC /* RxContatos.app */ = {isa = PBXFileReference; explicitFileType = wrapper.application; includeInIndex = 0; path = RxContatos.app; sourceTree = BUILT_PRODUCTS_DIR; };
		4569D41824EE9E1D004792FC /* AppDelegate.swift */ = {isa = PBXFileReference; lastKnownFileType = sourcecode.swift; path = AppDelegate.swift; sourceTree = "<group>"; };
		4569D41A24EE9E1D004792FC /* SceneDelegate.swift */ = {isa = PBXFileReference; lastKnownFileType = sourcecode.swift; path = SceneDelegate.swift; sourceTree = "<group>"; };
		4569D41C24EE9E1D004792FC /* ViewController.swift */ = {isa = PBXFileReference; lastKnownFileType = sourcecode.swift; path = ViewController.swift; sourceTree = "<group>"; };
		4569D41F24EE9E1D004792FC /* Base */ = {isa = PBXFileReference; lastKnownFileType = file.storyboard; name = Base; path = Base.lproj/Main.storyboard; sourceTree = "<group>"; };
		4569D42124EE9E20004792FC /* Assets.xcassets */ = {isa = PBXFileReference; lastKnownFileType = folder.assetcatalog; path = Assets.xcassets; sourceTree = "<group>"; };
		4569D42424EE9E20004792FC /* Base */ = {isa = PBXFileReference; lastKnownFileType = file.storyboard; name = Base; path = Base.lproj/LaunchScreen.storyboard; sourceTree = "<group>"; };
		4569D42624EE9E20004792FC /* Info.plist */ = {isa = PBXFileReference; lastKnownFileType = text.plist.xml; path = Info.plist; sourceTree = "<group>"; };
		4569D42B24EE9E21004792FC /* RxContatosTests.xctest */ = {isa = PBXFileReference; explicitFileType = wrapper.cfbundle; includeInIndex = 0; path = RxContatosTests.xctest; sourceTree = BUILT_PRODUCTS_DIR; };
		4569D42F24EE9E21004792FC /* RxContatosTests.swift */ = {isa = PBXFileReference; lastKnownFileType = sourcecode.swift; path = RxContatosTests.swift; sourceTree = "<group>"; };
		4569D43124EE9E21004792FC /* Info.plist */ = {isa = PBXFileReference; lastKnownFileType = text.plist.xml; path = Info.plist; sourceTree = "<group>"; };
		4569D43624EE9E21004792FC /* RxContatosUITests.xctest */ = {isa = PBXFileReference; explicitFileType = wrapper.cfbundle; includeInIndex = 0; path = RxContatosUITests.xctest; sourceTree = BUILT_PRODUCTS_DIR; };
		4569D43A24EE9E21004792FC /* RxContatosUITests.swift */ = {isa = PBXFileReference; lastKnownFileType = sourcecode.swift; path = RxContatosUITests.swift; sourceTree = "<group>"; };
		4569D43C24EE9E21004792FC /* Info.plist */ = {isa = PBXFileReference; lastKnownFileType = text.plist.xml; path = Info.plist; sourceTree = "<group>"; };
		4569D45224EEA0EF004792FC /* ContatosViewModel.swift */ = {isa = PBXFileReference; fileEncoding = 4; lastKnownFileType = sourcecode.swift; path = ContatosViewModel.swift; sourceTree = "<group>"; };
		4569D45F24EEA2AF004792FC /* Contact.swift */ = {isa = PBXFileReference; lastKnownFileType = sourcecode.swift; path = Contact.swift; sourceTree = "<group>"; };
		4569D46524EEA738004792FC /* ContactUseCase.swift */ = {isa = PBXFileReference; lastKnownFileType = sourcecode.swift; path = ContactUseCase.swift; sourceTree = "<group>"; };
		4576ACAD24EEC55B00F1BAA6 /* ContactModel.swift */ = {isa = PBXFileReference; lastKnownFileType = sourcecode.swift; path = ContactModel.swift; sourceTree = "<group>"; };
		45C88D9624EEBB5900969BE3 /* LocalRepository.swift */ = {isa = PBXFileReference; lastKnownFileType = sourcecode.swift; path = LocalRepository.swift; sourceTree = "<group>"; };
		58526FA3661CAF114698FD2B /* Pods-RxContatos.release.xcconfig */ = {isa = PBXFileReference; includeInIndex = 1; lastKnownFileType = text.xcconfig; name = "Pods-RxContatos.release.xcconfig"; path = "Target Support Files/Pods-RxContatos/Pods-RxContatos.release.xcconfig"; sourceTree = "<group>"; };
		7D3C0647A67F92323DC9428E /* Pods-RxContatosTests.release.xcconfig */ = {isa = PBXFileReference; includeInIndex = 1; lastKnownFileType = text.xcconfig; name = "Pods-RxContatosTests.release.xcconfig"; path = "Target Support Files/Pods-RxContatosTests/Pods-RxContatosTests.release.xcconfig"; sourceTree = "<group>"; };
		81C099A329797306F6CDC484 /* Pods_RxContatos_RxContatosUITests.framework */ = {isa = PBXFileReference; explicitFileType = wrapper.framework; includeInIndex = 0; path = Pods_RxContatos_RxContatosUITests.framework; sourceTree = BUILT_PRODUCTS_DIR; };
		8798A7EAFE449D9084DCEC3F /* Pods-RxContatosTests.debug.xcconfig */ = {isa = PBXFileReference; includeInIndex = 1; lastKnownFileType = text.xcconfig; name = "Pods-RxContatosTests.debug.xcconfig"; path = "Target Support Files/Pods-RxContatosTests/Pods-RxContatosTests.debug.xcconfig"; sourceTree = "<group>"; };
		B8FEA0C732475464D4AA9A23 /* Pods-RxContatos.debug.xcconfig */ = {isa = PBXFileReference; includeInIndex = 1; lastKnownFileType = text.xcconfig; name = "Pods-RxContatos.debug.xcconfig"; path = "Target Support Files/Pods-RxContatos/Pods-RxContatos.debug.xcconfig"; sourceTree = "<group>"; };
		C2C3D8A1C6EA8573B9C0BEBA /* Pods-RxContatos-RxContatosUITests.release.xcconfig */ = {isa = PBXFileReference; includeInIndex = 1; lastKnownFileType = text.xcconfig; name = "Pods-RxContatos-RxContatosUITests.release.xcconfig"; path = "Target Support Files/Pods-RxContatos-RxContatosUITests/Pods-RxContatos-RxContatosUITests.release.xcconfig"; sourceTree = "<group>"; };
		C9B5F437B4159B039269B6FE /* Pods_RxContatosTests.framework */ = {isa = PBXFileReference; explicitFileType = wrapper.framework; includeInIndex = 0; path = Pods_RxContatosTests.framework; sourceTree = BUILT_PRODUCTS_DIR; };
		E37F3A708B68A0E225611E0A /* Pods-RxContatos-RxContatosUITests.debug.xcconfig */ = {isa = PBXFileReference; includeInIndex = 1; lastKnownFileType = text.xcconfig; name = "Pods-RxContatos-RxContatosUITests.debug.xcconfig"; path = "Target Support Files/Pods-RxContatos-RxContatosUITests/Pods-RxContatos-RxContatosUITests.debug.xcconfig"; sourceTree = "<group>"; };
		F6880A3824F4768E0051523A /* ContactsApi.swift */ = {isa = PBXFileReference; lastKnownFileType = sourcecode.swift; path = ContactsApi.swift; sourceTree = "<group>"; };
		F6880A3C24F4783B0051523A /* AuthenticationApi.swift */ = {isa = PBXFileReference; lastKnownFileType = sourcecode.swift; path = AuthenticationApi.swift; sourceTree = "<group>"; };
		F6880A3F24F4797A0051523A /* UserModel.swift */ = {isa = PBXFileReference; lastKnownFileType = sourcecode.swift; path = UserModel.swift; sourceTree = "<group>"; };
		F6B5751D24F47B6F00CCC7FB /* SessionModel.swift */ = {isa = PBXFileReference; lastKnownFileType = sourcecode.swift; path = SessionModel.swift; sourceTree = "<group>"; };
/* End PBXFileReference section */

/* Begin PBXFrameworksBuildPhase section */
		4569D41224EE9E1D004792FC /* Frameworks */ = {
			isa = PBXFrameworksBuildPhase;
			buildActionMask = 2147483647;
			files = (
				388D814E3562B46DC574A104 /* Pods_RxContatos.framework in Frameworks */,
			);
			runOnlyForDeploymentPostprocessing = 0;
		};
		4569D42824EE9E21004792FC /* Frameworks */ = {
			isa = PBXFrameworksBuildPhase;
			buildActionMask = 2147483647;
			files = (
				A40287AB514E30F4A03AD793 /* Pods_RxContatosTests.framework in Frameworks */,
			);
			runOnlyForDeploymentPostprocessing = 0;
		};
		4569D43324EE9E21004792FC /* Frameworks */ = {
			isa = PBXFrameworksBuildPhase;
			buildActionMask = 2147483647;
			files = (
				20B8C518899EE9381D8B04CE /* Pods_RxContatos_RxContatosUITests.framework in Frameworks */,
			);
			runOnlyForDeploymentPostprocessing = 0;
		};
/* End PBXFrameworksBuildPhase section */

/* Begin PBXGroup section */
		453E602324EEA90D00ACC662 /* Protocols */ = {
			isa = PBXGroup;
			children = (
				453E602424EEA91900ACC662 /* Repository */,
				4569D46424EEA6F5004792FC /* UseCases */,
			);
			path = Protocols;
			sourceTree = "<group>";
		};
		453E602424EEA91900ACC662 /* Repository */ = {
			isa = PBXGroup;
			children = (
				453E602724EEAB1900ACC662 /* ContactRepositoryProtocol.swift */,
			);
			path = Repository;
			sourceTree = "<group>";
		};
		453E602624EEAA7D00ACC662 /* Core */ = {
			isa = PBXGroup;
			children = (
				4576ACAF24EFF43600F1BAA6 /* Extensions */,
				45C88D9624EEBB5900969BE3 /* LocalRepository.swift */,
			);
			path = Core;
			sourceTree = "<group>";
		};
		4569D40C24EE9E1D004792FC = {
			isa = PBXGroup;
			children = (
				4569D41724EE9E1D004792FC /* RxContatos */,
				4569D42E24EE9E21004792FC /* RxContatosTests */,
				4569D43924EE9E21004792FC /* RxContatosUITests */,
				4569D41624EE9E1D004792FC /* Products */,
				60C2BA5F31CBBE50B261312D /* Pods */,
				554A9CD6F20B89D59B18DD86 /* Frameworks */,
			);
			sourceTree = "<group>";
		};
		4569D41624EE9E1D004792FC /* Products */ = {
			isa = PBXGroup;
			children = (
				4569D41524EE9E1D004792FC /* RxContatos.app */,
				4569D42B24EE9E21004792FC /* RxContatosTests.xctest */,
				4569D43624EE9E21004792FC /* RxContatosUITests.xctest */,
			);
			name = Products;
			sourceTree = "<group>";
		};
		4569D41724EE9E1D004792FC /* RxContatos */ = {
			isa = PBXGroup;
			children = (
				4569D41824EE9E1D004792FC /* AppDelegate.swift */,
				4569D41A24EE9E1D004792FC /* SceneDelegate.swift */,
				4569D45B24EEA1AD004792FC /* DomainLayer */,
				4569D45C24EEA261004792FC /* Data Layer */,
				4569D45D24EEA26C004792FC /* UILayer */,
				4569D41C24EE9E1D004792FC /* ViewController.swift */,
				4569D41E24EE9E1D004792FC /* Main.storyboard */,
				4569D42124EE9E20004792FC /* Assets.xcassets */,
				4569D42324EE9E20004792FC /* LaunchScreen.storyboard */,
				4569D42624EE9E20004792FC /* Info.plist */,
			);
			path = RxContatos;
			sourceTree = "<group>";
		};
		4569D42E24EE9E21004792FC /* RxContatosTests */ = {
			isa = PBXGroup;
			children = (
				4569D42F24EE9E21004792FC /* RxContatosTests.swift */,
				4569D43124EE9E21004792FC /* Info.plist */,
			);
			path = RxContatosTests;
			sourceTree = "<group>";
		};
		4569D43924EE9E21004792FC /* RxContatosUITests */ = {
			isa = PBXGroup;
			children = (
				4569D43A24EE9E21004792FC /* RxContatosUITests.swift */,
				4569D43C24EE9E21004792FC /* Info.plist */,
			);
			path = RxContatosUITests;
			sourceTree = "<group>";
		};
		4569D44E24EEA0EF004792FC /* Repository */ = {
			isa = PBXGroup;
			children = (
			);
			path = Repository;
			sourceTree = "<group>";
		};
		4569D45124EEA0EF004792FC /* ViewModel */ = {
			isa = PBXGroup;
			children = (
				4569D45224EEA0EF004792FC /* ContatosViewModel.swift */,
			);
			path = ViewModel;
			sourceTree = "<group>";
		};
		4569D45B24EEA1AD004792FC /* DomainLayer */ = {
			isa = PBXGroup;
			children = (
				F6880A3524F475EE0051523A /* Authentication */,
				F6880A3624F475FF0051523A /* Contacts */,
			);
			path = DomainLayer;
			sourceTree = "<group>";
		};
		4569D45C24EEA261004792FC /* Data Layer */ = {
			isa = PBXGroup;
			children = (
				453E602624EEAA7D00ACC662 /* Core */,
				F6B3174D24F475A9006D158E /* Authentication */,
				F6880A3424F475CE0051523A /* Contacts */,
			);
			path = "Data Layer";
			sourceTree = "<group>";
		};
		4569D45D24EEA26C004792FC /* UILayer */ = {
			isa = PBXGroup;
			children = (
				4569D45124EEA0EF004792FC /* ViewModel */,
			);
			path = UILayer;
			sourceTree = "<group>";
		};
		4569D45E24EEA286004792FC /* Entities */ = {
			isa = PBXGroup;
			children = (
				4569D45F24EEA2AF004792FC /* Contact.swift */,
			);
			path = Entities;
			sourceTree = "<group>";
		};
		4569D46424EEA6F5004792FC /* UseCases */ = {
			isa = PBXGroup;
			children = (
				4569D46524EEA738004792FC /* ContactUseCase.swift */,
			);
			path = UseCases;
			sourceTree = "<group>";
		};
		4576ACAC24EEC54700F1BAA6 /* Entities */ = {
			isa = PBXGroup;
			children = (
				4576ACAD24EEC55B00F1BAA6 /* ContactModel.swift */,
			);
			path = Entities;
			sourceTree = "<group>";
		};
		4576ACAF24EFF43600F1BAA6 /* Extensions */ = {
			isa = PBXGroup;
			children = (
			);
			path = Extensions;
			sourceTree = "<group>";
		};
		554A9CD6F20B89D59B18DD86 /* Frameworks */ = {
			isa = PBXGroup;
			children = (
				3FE6ED33BA1A52A68CCDB2E3 /* Pods_RxContatos.framework */,
				81C099A329797306F6CDC484 /* Pods_RxContatos_RxContatosUITests.framework */,
				C9B5F437B4159B039269B6FE /* Pods_RxContatosTests.framework */,
			);
			name = Frameworks;
			sourceTree = "<group>";
		};
		60C2BA5F31CBBE50B261312D /* Pods */ = {
			isa = PBXGroup;
			children = (
				B8FEA0C732475464D4AA9A23 /* Pods-RxContatos.debug.xcconfig */,
				58526FA3661CAF114698FD2B /* Pods-RxContatos.release.xcconfig */,
				E37F3A708B68A0E225611E0A /* Pods-RxContatos-RxContatosUITests.debug.xcconfig */,
				C2C3D8A1C6EA8573B9C0BEBA /* Pods-RxContatos-RxContatosUITests.release.xcconfig */,
				8798A7EAFE449D9084DCEC3F /* Pods-RxContatosTests.debug.xcconfig */,
				7D3C0647A67F92323DC9428E /* Pods-RxContatosTests.release.xcconfig */,
			);
			path = Pods;
			sourceTree = "<group>";
		};
		F6880A3424F475CE0051523A /* Contacts */ = {
			isa = PBXGroup;
			children = (
				4576ACAC24EEC54700F1BAA6 /* Entities */,
				F6880A3724F4766C0051523A /* API */,
				4569D44E24EEA0EF004792FC /* Repository */,
			);
			path = Contacts;
			sourceTree = "<group>";
		};
		F6880A3524F475EE0051523A /* Authentication */ = {
			isa = PBXGroup;
			children = (
			);
			path = Authentication;
			sourceTree = "<group>";
		};
		F6880A3624F475FF0051523A /* Contacts */ = {
			isa = PBXGroup;
			children = (
				4569D45E24EEA286004792FC /* Entities */,
				453E602324EEA90D00ACC662 /* Protocols */,
			);
			path = Contacts;
			sourceTree = "<group>";
		};
		F6880A3724F4766C0051523A /* API */ = {
			isa = PBXGroup;
			children = (
				F6880A3824F4768E0051523A /* ContactsApi.swift */,
			);
			path = API;
			sourceTree = "<group>";
		};
		F6880A3A24F4781F0051523A /* API */ = {
			isa = PBXGroup;
			children = (
				F6880A3C24F4783B0051523A /* AuthenticationApi.swift */,
			);
			path = API;
			sourceTree = "<group>";
		};
		F6880A3E24F4796E0051523A /* Entities */ = {
			isa = PBXGroup;
			children = (
				F6880A3F24F4797A0051523A /* UserModel.swift */,
				F6B5751D24F47B6F00CCC7FB /* SessionModel.swift */,
			);
			path = Entities;
			sourceTree = "<group>";
		};
		F6B3174D24F475A9006D158E /* Authentication */ = {
			isa = PBXGroup;
			children = (
				F6880A3E24F4796E0051523A /* Entities */,
				F6880A3A24F4781F0051523A /* API */,
				F6B5751C24F47ACB00CCC7FB /* Repository */,
			);
			path = Authentication;
			sourceTree = "<group>";
		};
		F6B5751C24F47ACB00CCC7FB /* Repository */ = {
			isa = PBXGroup;
			children = (
			);
			path = Repository;
			sourceTree = "<group>";
		};
/* End PBXGroup section */

/* Begin PBXNativeTarget section */
		4569D41424EE9E1D004792FC /* RxContatos */ = {
			isa = PBXNativeTarget;
			buildConfigurationList = 4569D43F24EE9E21004792FC /* Build configuration list for PBXNativeTarget "RxContatos" */;
			buildPhases = (
				6DDF8A60508F6C82F0B51235 /* [CP] Check Pods Manifest.lock */,
				4569D41124EE9E1D004792FC /* Sources */,
				4569D41224EE9E1D004792FC /* Frameworks */,
				4569D41324EE9E1D004792FC /* Resources */,
				1D2DB5274FCEA0D4DF106796 /* [CP] Embed Pods Frameworks */,
			);
			buildRules = (
			);
			dependencies = (
			);
			name = RxContatos;
			productName = RxContatos;
			productReference = 4569D41524EE9E1D004792FC /* RxContatos.app */;
			productType = "com.apple.product-type.application";
		};
		4569D42A24EE9E21004792FC /* RxContatosTests */ = {
			isa = PBXNativeTarget;
			buildConfigurationList = 4569D44224EE9E21004792FC /* Build configuration list for PBXNativeTarget "RxContatosTests" */;
			buildPhases = (
				79DD9BE9E4AF68FB40271A39 /* [CP] Check Pods Manifest.lock */,
				4569D42724EE9E21004792FC /* Sources */,
				4569D42824EE9E21004792FC /* Frameworks */,
				4569D42924EE9E21004792FC /* Resources */,
			);
			buildRules = (
			);
			dependencies = (
				4569D42D24EE9E21004792FC /* PBXTargetDependency */,
			);
			name = RxContatosTests;
			productName = RxContatosTests;
			productReference = 4569D42B24EE9E21004792FC /* RxContatosTests.xctest */;
			productType = "com.apple.product-type.bundle.unit-test";
		};
		4569D43524EE9E21004792FC /* RxContatosUITests */ = {
			isa = PBXNativeTarget;
			buildConfigurationList = 4569D44524EE9E21004792FC /* Build configuration list for PBXNativeTarget "RxContatosUITests" */;
			buildPhases = (
				C184E12BF7ABAD78F1B3202F /* [CP] Check Pods Manifest.lock */,
				4569D43224EE9E21004792FC /* Sources */,
				4569D43324EE9E21004792FC /* Frameworks */,
				4569D43424EE9E21004792FC /* Resources */,
				AFEBF74FE2B8B469C657A4AB /* [CP] Embed Pods Frameworks */,
			);
			buildRules = (
			);
			dependencies = (
				4569D43824EE9E21004792FC /* PBXTargetDependency */,
			);
			name = RxContatosUITests;
			productName = RxContatosUITests;
			productReference = 4569D43624EE9E21004792FC /* RxContatosUITests.xctest */;
			productType = "com.apple.product-type.bundle.ui-testing";
		};
/* End PBXNativeTarget section */

/* Begin PBXProject section */
		4569D40D24EE9E1D004792FC /* Project object */ = {
			isa = PBXProject;
			attributes = {
				LastSwiftUpdateCheck = 1160;
				LastUpgradeCheck = 1160;
				ORGANIZATIONNAME = jobson;
				TargetAttributes = {
					4569D41424EE9E1D004792FC = {
						CreatedOnToolsVersion = 11.6;
					};
					4569D42A24EE9E21004792FC = {
						CreatedOnToolsVersion = 11.6;
						TestTargetID = 4569D41424EE9E1D004792FC;
					};
					4569D43524EE9E21004792FC = {
						CreatedOnToolsVersion = 11.6;
						TestTargetID = 4569D41424EE9E1D004792FC;
					};
				};
			};
			buildConfigurationList = 4569D41024EE9E1D004792FC /* Build configuration list for PBXProject "RxContatos" */;
			compatibilityVersion = "Xcode 9.3";
			developmentRegion = en;
			hasScannedForEncodings = 0;
			knownRegions = (
				en,
				Base,
			);
			mainGroup = 4569D40C24EE9E1D004792FC;
			productRefGroup = 4569D41624EE9E1D004792FC /* Products */;
			projectDirPath = "";
			projectRoot = "";
			targets = (
				4569D41424EE9E1D004792FC /* RxContatos */,
				4569D42A24EE9E21004792FC /* RxContatosTests */,
				4569D43524EE9E21004792FC /* RxContatosUITests */,
			);
		};
/* End PBXProject section */

/* Begin PBXResourcesBuildPhase section */
		4569D41324EE9E1D004792FC /* Resources */ = {
			isa = PBXResourcesBuildPhase;
			buildActionMask = 2147483647;
			files = (
				4569D42524EE9E20004792FC /* LaunchScreen.storyboard in Resources */,
				4569D42224EE9E20004792FC /* Assets.xcassets in Resources */,
				4569D42024EE9E1D004792FC /* Main.storyboard in Resources */,
			);
			runOnlyForDeploymentPostprocessing = 0;
		};
		4569D42924EE9E21004792FC /* Resources */ = {
			isa = PBXResourcesBuildPhase;
			buildActionMask = 2147483647;
			files = (
			);
			runOnlyForDeploymentPostprocessing = 0;
		};
		4569D43424EE9E21004792FC /* Resources */ = {
			isa = PBXResourcesBuildPhase;
			buildActionMask = 2147483647;
			files = (
			);
			runOnlyForDeploymentPostprocessing = 0;
		};
/* End PBXResourcesBuildPhase section */

/* Begin PBXShellScriptBuildPhase section */
		1D2DB5274FCEA0D4DF106796 /* [CP] Embed Pods Frameworks */ = {
			isa = PBXShellScriptBuildPhase;
			buildActionMask = 2147483647;
			files = (
			);
			inputFileListPaths = (
				"${PODS_ROOT}/Target Support Files/Pods-RxContatos/Pods-RxContatos-frameworks-${CONFIGURATION}-input-files.xcfilelist",
			);
			name = "[CP] Embed Pods Frameworks";
			outputFileListPaths = (
				"${PODS_ROOT}/Target Support Files/Pods-RxContatos/Pods-RxContatos-frameworks-${CONFIGURATION}-output-files.xcfilelist",
			);
			runOnlyForDeploymentPostprocessing = 0;
			shellPath = /bin/sh;
			shellScript = "\"${PODS_ROOT}/Target Support Files/Pods-RxContatos/Pods-RxContatos-frameworks.sh\"\n";
			showEnvVarsInLog = 0;
		};
		6DDF8A60508F6C82F0B51235 /* [CP] Check Pods Manifest.lock */ = {
			isa = PBXShellScriptBuildPhase;
			buildActionMask = 2147483647;
			files = (
			);
			inputFileListPaths = (
			);
			inputPaths = (
				"${PODS_PODFILE_DIR_PATH}/Podfile.lock",
				"${PODS_ROOT}/Manifest.lock",
			);
			name = "[CP] Check Pods Manifest.lock";
			outputFileListPaths = (
			);
			outputPaths = (
				"$(DERIVED_FILE_DIR)/Pods-RxContatos-checkManifestLockResult.txt",
			);
			runOnlyForDeploymentPostprocessing = 0;
			shellPath = /bin/sh;
			shellScript = "diff \"${PODS_PODFILE_DIR_PATH}/Podfile.lock\" \"${PODS_ROOT}/Manifest.lock\" > /dev/null\nif [ $? != 0 ] ; then\n    # print error to STDERR\n    echo \"error: The sandbox is not in sync with the Podfile.lock. Run 'pod install' or update your CocoaPods installation.\" >&2\n    exit 1\nfi\n# This output is used by Xcode 'outputs' to avoid re-running this script phase.\necho \"SUCCESS\" > \"${SCRIPT_OUTPUT_FILE_0}\"\n";
			showEnvVarsInLog = 0;
		};
		79DD9BE9E4AF68FB40271A39 /* [CP] Check Pods Manifest.lock */ = {
			isa = PBXShellScriptBuildPhase;
			buildActionMask = 2147483647;
			files = (
			);
			inputFileListPaths = (
			);
			inputPaths = (
				"${PODS_PODFILE_DIR_PATH}/Podfile.lock",
				"${PODS_ROOT}/Manifest.lock",
			);
			name = "[CP] Check Pods Manifest.lock";
			outputFileListPaths = (
			);
			outputPaths = (
				"$(DERIVED_FILE_DIR)/Pods-RxContatosTests-checkManifestLockResult.txt",
			);
			runOnlyForDeploymentPostprocessing = 0;
			shellPath = /bin/sh;
			shellScript = "diff \"${PODS_PODFILE_DIR_PATH}/Podfile.lock\" \"${PODS_ROOT}/Manifest.lock\" > /dev/null\nif [ $? != 0 ] ; then\n    # print error to STDERR\n    echo \"error: The sandbox is not in sync with the Podfile.lock. Run 'pod install' or update your CocoaPods installation.\" >&2\n    exit 1\nfi\n# This output is used by Xcode 'outputs' to avoid re-running this script phase.\necho \"SUCCESS\" > \"${SCRIPT_OUTPUT_FILE_0}\"\n";
			showEnvVarsInLog = 0;
		};
		AFEBF74FE2B8B469C657A4AB /* [CP] Embed Pods Frameworks */ = {
			isa = PBXShellScriptBuildPhase;
			buildActionMask = 2147483647;
			files = (
			);
			inputFileListPaths = (
				"${PODS_ROOT}/Target Support Files/Pods-RxContatos-RxContatosUITests/Pods-RxContatos-RxContatosUITests-frameworks-${CONFIGURATION}-input-files.xcfilelist",
			);
			name = "[CP] Embed Pods Frameworks";
			outputFileListPaths = (
				"${PODS_ROOT}/Target Support Files/Pods-RxContatos-RxContatosUITests/Pods-RxContatos-RxContatosUITests-frameworks-${CONFIGURATION}-output-files.xcfilelist",
			);
			runOnlyForDeploymentPostprocessing = 0;
			shellPath = /bin/sh;
			shellScript = "\"${PODS_ROOT}/Target Support Files/Pods-RxContatos-RxContatosUITests/Pods-RxContatos-RxContatosUITests-frameworks.sh\"\n";
			showEnvVarsInLog = 0;
		};
		C184E12BF7ABAD78F1B3202F /* [CP] Check Pods Manifest.lock */ = {
			isa = PBXShellScriptBuildPhase;
			buildActionMask = 2147483647;
			files = (
			);
			inputFileListPaths = (
			);
			inputPaths = (
				"${PODS_PODFILE_DIR_PATH}/Podfile.lock",
				"${PODS_ROOT}/Manifest.lock",
			);
			name = "[CP] Check Pods Manifest.lock";
			outputFileListPaths = (
			);
			outputPaths = (
				"$(DERIVED_FILE_DIR)/Pods-RxContatos-RxContatosUITests-checkManifestLockResult.txt",
			);
			runOnlyForDeploymentPostprocessing = 0;
			shellPath = /bin/sh;
			shellScript = "diff \"${PODS_PODFILE_DIR_PATH}/Podfile.lock\" \"${PODS_ROOT}/Manifest.lock\" > /dev/null\nif [ $? != 0 ] ; then\n    # print error to STDERR\n    echo \"error: The sandbox is not in sync with the Podfile.lock. Run 'pod install' or update your CocoaPods installation.\" >&2\n    exit 1\nfi\n# This output is used by Xcode 'outputs' to avoid re-running this script phase.\necho \"SUCCESS\" > \"${SCRIPT_OUTPUT_FILE_0}\"\n";
			showEnvVarsInLog = 0;
		};
/* End PBXShellScriptBuildPhase section */

/* Begin PBXSourcesBuildPhase section */
		4569D41124EE9E1D004792FC /* Sources */ = {
			isa = PBXSourcesBuildPhase;
			buildActionMask = 2147483647;
			files = (
				F6880A4024F4797A0051523A /* UserModel.swift in Sources */,
				F6880A3D24F4783B0051523A /* AuthenticationApi.swift in Sources */,
				4569D45824EEA0EF004792FC /* ContatosViewModel.swift in Sources */,
				4569D41D24EE9E1D004792FC /* ViewController.swift in Sources */,
				4576ACAE24EEC55B00F1BAA6 /* ContactModel.swift in Sources */,
				453E602824EEAB1900ACC662 /* ContactRepositoryProtocol.swift in Sources */,
				4569D46624EEA738004792FC /* ContactUseCase.swift in Sources */,
				4569D41924EE9E1D004792FC /* AppDelegate.swift in Sources */,
				4569D41B24EE9E1D004792FC /* SceneDelegate.swift in Sources */,
				45C88D9724EEBB5900969BE3 /* LocalRepository.swift in Sources */,
				F6880A3924F4768E0051523A /* ContactsApi.swift in Sources */,
				F6B5751E24F47B6F00CCC7FB /* SessionModel.swift in Sources */,
				4569D46024EEA2AF004792FC /* Contact.swift in Sources */,
			);
			runOnlyForDeploymentPostprocessing = 0;
		};
		4569D42724EE9E21004792FC /* Sources */ = {
			isa = PBXSourcesBuildPhase;
			buildActionMask = 2147483647;
			files = (
				4569D43024EE9E21004792FC /* RxContatosTests.swift in Sources */,
			);
			runOnlyForDeploymentPostprocessing = 0;
		};
		4569D43224EE9E21004792FC /* Sources */ = {
			isa = PBXSourcesBuildPhase;
			buildActionMask = 2147483647;
			files = (
				4569D43B24EE9E21004792FC /* RxContatosUITests.swift in Sources */,
			);
			runOnlyForDeploymentPostprocessing = 0;
		};
/* End PBXSourcesBuildPhase section */

/* Begin PBXTargetDependency section */
		4569D42D24EE9E21004792FC /* PBXTargetDependency */ = {
			isa = PBXTargetDependency;
			target = 4569D41424EE9E1D004792FC /* RxContatos */;
			targetProxy = 4569D42C24EE9E21004792FC /* PBXContainerItemProxy */;
		};
		4569D43824EE9E21004792FC /* PBXTargetDependency */ = {
			isa = PBXTargetDependency;
			target = 4569D41424EE9E1D004792FC /* RxContatos */;
			targetProxy = 4569D43724EE9E21004792FC /* PBXContainerItemProxy */;
		};
/* End PBXTargetDependency section */

/* Begin PBXVariantGroup section */
		4569D41E24EE9E1D004792FC /* Main.storyboard */ = {
			isa = PBXVariantGroup;
			children = (
				4569D41F24EE9E1D004792FC /* Base */,
			);
			name = Main.storyboard;
			sourceTree = "<group>";
		};
		4569D42324EE9E20004792FC /* LaunchScreen.storyboard */ = {
			isa = PBXVariantGroup;
			children = (
				4569D42424EE9E20004792FC /* Base */,
			);
			name = LaunchScreen.storyboard;
			sourceTree = "<group>";
		};
/* End PBXVariantGroup section */

/* Begin XCBuildConfiguration section */
		4569D43D24EE9E21004792FC /* Debug */ = {
			isa = XCBuildConfiguration;
			buildSettings = {
				ALWAYS_SEARCH_USER_PATHS = NO;
				CLANG_ANALYZER_NONNULL = YES;
				CLANG_ANALYZER_NUMBER_OBJECT_CONVERSION = YES_AGGRESSIVE;
				CLANG_CXX_LANGUAGE_STANDARD = "gnu++14";
				CLANG_CXX_LIBRARY = "libc++";
				CLANG_ENABLE_MODULES = YES;
				CLANG_ENABLE_OBJC_ARC = YES;
				CLANG_ENABLE_OBJC_WEAK = YES;
				CLANG_WARN_BLOCK_CAPTURE_AUTORELEASING = YES;
				CLANG_WARN_BOOL_CONVERSION = YES;
				CLANG_WARN_COMMA = YES;
				CLANG_WARN_CONSTANT_CONVERSION = YES;
				CLANG_WARN_DEPRECATED_OBJC_IMPLEMENTATIONS = YES;
				CLANG_WARN_DIRECT_OBJC_ISA_USAGE = YES_ERROR;
				CLANG_WARN_DOCUMENTATION_COMMENTS = YES;
				CLANG_WARN_EMPTY_BODY = YES;
				CLANG_WARN_ENUM_CONVERSION = YES;
				CLANG_WARN_INFINITE_RECURSION = YES;
				CLANG_WARN_INT_CONVERSION = YES;
				CLANG_WARN_NON_LITERAL_NULL_CONVERSION = YES;
				CLANG_WARN_OBJC_IMPLICIT_RETAIN_SELF = YES;
				CLANG_WARN_OBJC_LITERAL_CONVERSION = YES;
				CLANG_WARN_OBJC_ROOT_CLASS = YES_ERROR;
				CLANG_WARN_RANGE_LOOP_ANALYSIS = YES;
				CLANG_WARN_STRICT_PROTOTYPES = YES;
				CLANG_WARN_SUSPICIOUS_MOVE = YES;
				CLANG_WARN_UNGUARDED_AVAILABILITY = YES_AGGRESSIVE;
				CLANG_WARN_UNREACHABLE_CODE = YES;
				CLANG_WARN__DUPLICATE_METHOD_MATCH = YES;
				COPY_PHASE_STRIP = NO;
				DEBUG_INFORMATION_FORMAT = dwarf;
				ENABLE_STRICT_OBJC_MSGSEND = YES;
				ENABLE_TESTABILITY = YES;
				GCC_C_LANGUAGE_STANDARD = gnu11;
				GCC_DYNAMIC_NO_PIC = NO;
				GCC_NO_COMMON_BLOCKS = YES;
				GCC_OPTIMIZATION_LEVEL = 0;
				GCC_PREPROCESSOR_DEFINITIONS = (
					"DEBUG=1",
					"$(inherited)",
				);
				GCC_WARN_64_TO_32_BIT_CONVERSION = YES;
				GCC_WARN_ABOUT_RETURN_TYPE = YES_ERROR;
				GCC_WARN_UNDECLARED_SELECTOR = YES;
				GCC_WARN_UNINITIALIZED_AUTOS = YES_AGGRESSIVE;
				GCC_WARN_UNUSED_FUNCTION = YES;
				GCC_WARN_UNUSED_VARIABLE = YES;
				IPHONEOS_DEPLOYMENT_TARGET = 13.6;
				MTL_ENABLE_DEBUG_INFO = INCLUDE_SOURCE;
				MTL_FAST_MATH = YES;
				ONLY_ACTIVE_ARCH = YES;
				SDKROOT = iphoneos;
				SWIFT_ACTIVE_COMPILATION_CONDITIONS = DEBUG;
				SWIFT_OPTIMIZATION_LEVEL = "-Onone";
			};
			name = Debug;
		};
		4569D43E24EE9E21004792FC /* Release */ = {
			isa = XCBuildConfiguration;
			buildSettings = {
				ALWAYS_SEARCH_USER_PATHS = NO;
				CLANG_ANALYZER_NONNULL = YES;
				CLANG_ANALYZER_NUMBER_OBJECT_CONVERSION = YES_AGGRESSIVE;
				CLANG_CXX_LANGUAGE_STANDARD = "gnu++14";
				CLANG_CXX_LIBRARY = "libc++";
				CLANG_ENABLE_MODULES = YES;
				CLANG_ENABLE_OBJC_ARC = YES;
				CLANG_ENABLE_OBJC_WEAK = YES;
				CLANG_WARN_BLOCK_CAPTURE_AUTORELEASING = YES;
				CLANG_WARN_BOOL_CONVERSION = YES;
				CLANG_WARN_COMMA = YES;
				CLANG_WARN_CONSTANT_CONVERSION = YES;
				CLANG_WARN_DEPRECATED_OBJC_IMPLEMENTATIONS = YES;
				CLANG_WARN_DIRECT_OBJC_ISA_USAGE = YES_ERROR;
				CLANG_WARN_DOCUMENTATION_COMMENTS = YES;
				CLANG_WARN_EMPTY_BODY = YES;
				CLANG_WARN_ENUM_CONVERSION = YES;
				CLANG_WARN_INFINITE_RECURSION = YES;
				CLANG_WARN_INT_CONVERSION = YES;
				CLANG_WARN_NON_LITERAL_NULL_CONVERSION = YES;
				CLANG_WARN_OBJC_IMPLICIT_RETAIN_SELF = YES;
				CLANG_WARN_OBJC_LITERAL_CONVERSION = YES;
				CLANG_WARN_OBJC_ROOT_CLASS = YES_ERROR;
				CLANG_WARN_RANGE_LOOP_ANALYSIS = YES;
				CLANG_WARN_STRICT_PROTOTYPES = YES;
				CLANG_WARN_SUSPICIOUS_MOVE = YES;
				CLANG_WARN_UNGUARDED_AVAILABILITY = YES_AGGRESSIVE;
				CLANG_WARN_UNREACHABLE_CODE = YES;
				CLANG_WARN__DUPLICATE_METHOD_MATCH = YES;
				COPY_PHASE_STRIP = NO;
				DEBUG_INFORMATION_FORMAT = "dwarf-with-dsym";
				ENABLE_NS_ASSERTIONS = NO;
				ENABLE_STRICT_OBJC_MSGSEND = YES;
				GCC_C_LANGUAGE_STANDARD = gnu11;
				GCC_NO_COMMON_BLOCKS = YES;
				GCC_WARN_64_TO_32_BIT_CONVERSION = YES;
				GCC_WARN_ABOUT_RETURN_TYPE = YES_ERROR;
				GCC_WARN_UNDECLARED_SELECTOR = YES;
				GCC_WARN_UNINITIALIZED_AUTOS = YES_AGGRESSIVE;
				GCC_WARN_UNUSED_FUNCTION = YES;
				GCC_WARN_UNUSED_VARIABLE = YES;
				IPHONEOS_DEPLOYMENT_TARGET = 13.6;
				MTL_ENABLE_DEBUG_INFO = NO;
				MTL_FAST_MATH = YES;
				SDKROOT = iphoneos;
				SWIFT_COMPILATION_MODE = wholemodule;
				SWIFT_OPTIMIZATION_LEVEL = "-O";
				VALIDATE_PRODUCT = YES;
			};
			name = Release;
		};
		4569D44024EE9E21004792FC /* Debug */ = {
			isa = XCBuildConfiguration;
			baseConfigurationReference = B8FEA0C732475464D4AA9A23 /* Pods-RxContatos.debug.xcconfig */;
			buildSettings = {
				ASSETCATALOG_COMPILER_APPICON_NAME = AppIcon;
				CODE_SIGN_STYLE = Automatic;
				DEVELOPMENT_TEAM = 39FX39LYGJ;
				INFOPLIST_FILE = RxContatos/Info.plist;
				LD_RUNPATH_SEARCH_PATHS = (
					"$(inherited)",
					"@executable_path/Frameworks",
				);
				PRODUCT_BUNDLE_IDENTIFIER = br.jobson.RxContatos;
				PRODUCT_NAME = "$(TARGET_NAME)";
				SWIFT_VERSION = 5.0;
				TARGETED_DEVICE_FAMILY = "1,2";
			};
			name = Debug;
		};
		4569D44124EE9E21004792FC /* Release */ = {
			isa = XCBuildConfiguration;
			baseConfigurationReference = 58526FA3661CAF114698FD2B /* Pods-RxContatos.release.xcconfig */;
			buildSettings = {
				ASSETCATALOG_COMPILER_APPICON_NAME = AppIcon;
				CODE_SIGN_STYLE = Automatic;
				DEVELOPMENT_TEAM = 39FX39LYGJ;
				INFOPLIST_FILE = RxContatos/Info.plist;
				LD_RUNPATH_SEARCH_PATHS = (
					"$(inherited)",
					"@executable_path/Frameworks",
				);
				PRODUCT_BUNDLE_IDENTIFIER = br.jobson.RxContatos;
				PRODUCT_NAME = "$(TARGET_NAME)";
				SWIFT_VERSION = 5.0;
				TARGETED_DEVICE_FAMILY = "1,2";
			};
			name = Release;
		};
		4569D44324EE9E21004792FC /* Debug */ = {
			isa = XCBuildConfiguration;
			baseConfigurationReference = 8798A7EAFE449D9084DCEC3F /* Pods-RxContatosTests.debug.xcconfig */;
			buildSettings = {
				ALWAYS_EMBED_SWIFT_STANDARD_LIBRARIES = YES;
				BUNDLE_LOADER = "$(TEST_HOST)";
				CODE_SIGN_STYLE = Automatic;
				DEVELOPMENT_TEAM = 39FX39LYGJ;
				INFOPLIST_FILE = RxContatosTests/Info.plist;
				IPHONEOS_DEPLOYMENT_TARGET = 13.6;
				LD_RUNPATH_SEARCH_PATHS = (
					"$(inherited)",
					"@executable_path/Frameworks",
					"@loader_path/Frameworks",
				);
				PRODUCT_BUNDLE_IDENTIFIER = br.jobson.RxContatosTests;
				PRODUCT_NAME = "$(TARGET_NAME)";
				SWIFT_VERSION = 5.0;
				TARGETED_DEVICE_FAMILY = "1,2";
				TEST_HOST = "$(BUILT_PRODUCTS_DIR)/RxContatos.app/RxContatos";
			};
			name = Debug;
		};
		4569D44424EE9E21004792FC /* Release */ = {
			isa = XCBuildConfiguration;
			baseConfigurationReference = 7D3C0647A67F92323DC9428E /* Pods-RxContatosTests.release.xcconfig */;
			buildSettings = {
				ALWAYS_EMBED_SWIFT_STANDARD_LIBRARIES = YES;
				BUNDLE_LOADER = "$(TEST_HOST)";
				CODE_SIGN_STYLE = Automatic;
				DEVELOPMENT_TEAM = 39FX39LYGJ;
				INFOPLIST_FILE = RxContatosTests/Info.plist;
				IPHONEOS_DEPLOYMENT_TARGET = 13.6;
				LD_RUNPATH_SEARCH_PATHS = (
					"$(inherited)",
					"@executable_path/Frameworks",
					"@loader_path/Frameworks",
				);
				PRODUCT_BUNDLE_IDENTIFIER = br.jobson.RxContatosTests;
				PRODUCT_NAME = "$(TARGET_NAME)";
				SWIFT_VERSION = 5.0;
				TARGETED_DEVICE_FAMILY = "1,2";
				TEST_HOST = "$(BUILT_PRODUCTS_DIR)/RxContatos.app/RxContatos";
			};
			name = Release;
		};
		4569D44624EE9E21004792FC /* Debug */ = {
			isa = XCBuildConfiguration;
			baseConfigurationReference = E37F3A708B68A0E225611E0A /* Pods-RxContatos-RxContatosUITests.debug.xcconfig */;
			buildSettings = {
				ALWAYS_EMBED_SWIFT_STANDARD_LIBRARIES = YES;
				CODE_SIGN_STYLE = Automatic;
				DEVELOPMENT_TEAM = 39FX39LYGJ;
				INFOPLIST_FILE = RxContatosUITests/Info.plist;
				LD_RUNPATH_SEARCH_PATHS = (
					"$(inherited)",
					"@executable_path/Frameworks",
					"@loader_path/Frameworks",
				);
				PRODUCT_BUNDLE_IDENTIFIER = br.jobson.RxContatosUITests;
				PRODUCT_NAME = "$(TARGET_NAME)";
				SWIFT_VERSION = 5.0;
				TARGETED_DEVICE_FAMILY = "1,2";
				TEST_TARGET_NAME = RxContatos;
			};
			name = Debug;
		};
		4569D44724EE9E21004792FC /* Release */ = {
			isa = XCBuildConfiguration;
			baseConfigurationReference = C2C3D8A1C6EA8573B9C0BEBA /* Pods-RxContatos-RxContatosUITests.release.xcconfig */;
			buildSettings = {
				ALWAYS_EMBED_SWIFT_STANDARD_LIBRARIES = YES;
				CODE_SIGN_STYLE = Automatic;
				DEVELOPMENT_TEAM = 39FX39LYGJ;
				INFOPLIST_FILE = RxContatosUITests/Info.plist;
				LD_RUNPATH_SEARCH_PATHS = (
					"$(inherited)",
					"@executable_path/Frameworks",
					"@loader_path/Frameworks",
				);
				PRODUCT_BUNDLE_IDENTIFIER = br.jobson.RxContatosUITests;
				PRODUCT_NAME = "$(TARGET_NAME)";
				SWIFT_VERSION = 5.0;
				TARGETED_DEVICE_FAMILY = "1,2";
				TEST_TARGET_NAME = RxContatos;
			};
			name = Release;
		};
/* End XCBuildConfiguration section */

/* Begin XCConfigurationList section */
		4569D41024EE9E1D004792FC /* Build configuration list for PBXProject "RxContatos" */ = {
			isa = XCConfigurationList;
			buildConfigurations = (
				4569D43D24EE9E21004792FC /* Debug */,
				4569D43E24EE9E21004792FC /* Release */,
			);
			defaultConfigurationIsVisible = 0;
			defaultConfigurationName = Release;
		};
		4569D43F24EE9E21004792FC /* Build configuration list for PBXNativeTarget "RxContatos" */ = {
			isa = XCConfigurationList;
			buildConfigurations = (
				4569D44024EE9E21004792FC /* Debug */,
				4569D44124EE9E21004792FC /* Release */,
			);
			defaultConfigurationIsVisible = 0;
			defaultConfigurationName = Release;
		};
		4569D44224EE9E21004792FC /* Build configuration list for PBXNativeTarget "RxContatosTests" */ = {
			isa = XCConfigurationList;
			buildConfigurations = (
				4569D44324EE9E21004792FC /* Debug */,
				4569D44424EE9E21004792FC /* Release */,
			);
			defaultConfigurationIsVisible = 0;
			defaultConfigurationName = Release;
		};
		4569D44524EE9E21004792FC /* Build configuration list for PBXNativeTarget "RxContatosUITests" */ = {
			isa = XCConfigurationList;
			buildConfigurations = (
				4569D44624EE9E21004792FC /* Debug */,
				4569D44724EE9E21004792FC /* Release */,
			);
			defaultConfigurationIsVisible = 0;
			defaultConfigurationName = Release;
		};
/* End XCConfigurationList section */
	};
	rootObject = 4569D40D24EE9E1D004792FC /* Project object */;
}
